
Microsoft Visual Studio Solution File, Format Version 12.00
# Visual Studio Version 16
VisualStudioVersion = 16.0.34114.132
MinimumVisualStudioVersion = 10.0.40219.1
Project("{FAE04EC0-301F-11D3-BF4B-00C04F79EFBC}") = "Task Manager Lite", "Task Manager Lite\Task Manager Lite.csproj", "{D427BC85-D3FC-4701-BE27-2AD94A16C9A0}"
EndProject
Global
	GlobalSection(SolutionConfigurationPlatforms) = preSolution
		Debug|Any CPU = Debug|Any CPU
		Release|Any CPU = Release|Any CPU
	EndGlobalSection
	GlobalSection(ProjectConfigurationPlatforms) = postSolution
		{D427BC85-D3FC-4701-BE27-2AD94A16C9A0}.Debug|Any CPU.ActiveCfg = Release|Any CPU
		{D427BC85-D3FC-4701-BE27-2AD94A16C9A0}.Debug|Any CPU.Build.0 = Release|Any CPU
		{D427BC85-D3FC-4701-BE27-2AD94A16C9A0}.Release|Any CPU.ActiveCfg = Release|Any CPU
		{D427BC85-D3FC-4701-BE27-2AD94A16C9A0}.Release|Any CPU.Build.0 = Release|Any CPU
	EndGlobalSection
	GlobalSection(SolutionProperties) = preSolution
		HideSolutionNode = FALSE
	EndGlobalSection
	GlobalSection(ExtensibilityGlobals) = postSolution
		SolutionGuid = {D39D8019-84E9-4682-AB14-0EB42E516BE6}
	EndGlobalSection
EndGlobal
